{
    "_readme": [
        "This file locks the dependencies of your project to a known state",
        "Read more about it at https://getcomposer.org/doc/01-basic-usage.md#composer-lock-the-lock-file",
        "This file is @generated automatically"
    ],
    "hash": "e67c814f3afbe6691d5bdf32355f3c7a",
    "content-hash": "af059b8c09482ab9458dd71581a78ee6",
    "packages": [
        {
            "name": "sam-it/ls-interfaces",
            "version": "v0.2.0",
            "source": {
                "type": "git",
                "url": "https://github.com/SAM-IT/ls-interfaces.git",
                "reference": "0bd8448904f008790e090e818223eb016c20930a"
            },
            "dist": {
                "type": "zip",
                "url": "https://api.github.com/repos/SAM-IT/ls-interfaces/zipball/0bd8448904f008790e090e818223eb016c20930a",
                "reference": "0bd8448904f008790e090e818223eb016c20930a",
                "shasum": ""
            },
            "type": "library",
            "autoload": {
                "psr-4": {
                    "SamIT\\LimeSurvey\\Interfaces\\": [
                        "src/"
                    ]
                }
            },
            "notification-url": "https://packagist.org/downloads/",
            "license": [
                "MIT"
            ],
            "authors": [
                {
                    "name": "Sam",
                    "email": "sam@mousa.nl"
                }
            ],
            "description": "Interfaces for Limesurvey entities: Survey, Group, Question, Answer",
            "time": "2015-10-26 09:40:06"
        }
    ],
    "packages-dev": [],
    "aliases": [],
    "minimum-stability": "stable",
    "stability-flags": [],
    "prefer-stable": false,
    "prefer-lowest": false,
    "platform": [],
    "platform-dev": []
}
